
Microsoft Visual Studio Solution File, Format Version 12.00
# Visual Studio Version 17
VisualStudioVersion = 17.8.34316.72
MinimumVisualStudioVersion = 10.0.40219.1
Project("{FAE04EC0-301F-11D3-BF4B-00C04F79EFBC}") = "Oyun_Proje.Desktop", "Oyun_Proje.Desktop\Oyun_Proje.Desktop.csproj", "{5C68BBF9-9005-4024-A811-6E2591EBC37E}"
EndProject
Global
	GlobalSection(SolutionConfigurationPlatforms) = preSolution
		Debug|Any CPU = Debug|Any CPU
		Release|Any CPU = Release|Any CPU
	EndGlobalSection
	GlobalSection(ProjectConfigurationPlatforms) = postSolution
		{5C68BBF9-9005-4024-A811-6E2591EBC37E}.Debug|Any CPU.ActiveCfg = Debug|Any CPU
		{5C68BBF9-9005-4024-A811-6E2591EBC37E}.Debug|Any CPU.Build.0 = Debug|Any CPU
		{5C68BBF9-9005-4024-A811-6E2591EBC37E}.Release|Any CPU.ActiveCfg = Release|Any CPU
		{5C68BBF9-9005-4024-A811-6E2591EBC37E}.Release|Any CPU.Build.0 = Release|Any CPU
	EndGlobalSection
	GlobalSection(SolutionProperties) = preSolution
		HideSolutionNode = FALSE
	EndGlobalSection
	GlobalSection(ExtensibilityGlobals) = postSolution
		SolutionGuid = {8E06E7B8-38A1-4DDD-A2D0-FC22BFA7F065}
	EndGlobalSection
EndGlobal
